NeoBundleLock grep.vim 852ddb0c6590bbc41c508d7f5d2fc17112492def
NeoBundleLock lightline.vim 059888ab650fa192dd441e52bd9f41f08b247529
NeoBundleLock matchit.zip ced6c409c9beeb0b4142d21906606bd194411d1d
NeoBundleLock neobundle.vim 88951d60547595606ea0ca8f28f643d2506f2714
NeoBundleLock neocomplete 9af19a78e381a13513851d222c17be1bd2679f7e
NeoBundleLock neomru.vim c7bf447627679a3f06f0f3caf893b0497d0aa90b
NeoBundleLock neosnippet c179a51f024e27edf4354a52ff8b9fa69c4c803c
NeoBundleLock neosnippet-snippets 4431bf176650696d5a8dd93814812afd0d06212c
NeoBundleLock unite.vim be09b0e5784c4c4c13aefae4f16313696c6f51de
NeoBundleLock vim-autoclose a9a3b7384657bc1f60a963fd6c08c63fc48d61c3
NeoBundleLock vim-easy-align 0cb6b98fc155717b0a56c110551ac57d1d951ddb
NeoBundleLock vim-easymotion 11632455de8caa40f264501df8f0a3e249cf0595
NeoBundleLock vim-endwise 0067ceda37725d01b7bd5bf249d63b1b5d4e2ab4
NeoBundleLock vim-quickrun f968a467781f0f3c788768b95487d80efa6ceb28
NeoBundleLock vim-surround e49d6c2459e0f5569ff2d533b4df995dd7f98313
NeoBundleLock vim-trailing-whitespace 733fb64337b6da4a51c85a43450cd620d8b617b5
NeoBundleLock vimfiler 72c37e897d09a8749417a3322a25ee45aa3a4ed3
NeoBundleLock vimproc 25cb83f24edec4aec1e9f1329302235e7a7a7fe0
NeoBundleLock vimshell d0c5bef010237855b4de25863bc54895effe5d7a
NeoBundleLock yankround.vim bced716bb283a328c4dbec056bba36e53b2b404b
